de_DE cf61977c01f3bba837f80f902f864f088ed372ac00e77c309e67e4a9f1f7ab6f
fr_FR 0f1a1dd27f6a522dd82b3a4eeff49b39bfa43ceea9356e0469a2af7e65597154
it_IT 065f19b069faddd78af3ada6a4b48ac2e584d5de67139340d1467e0d4fefbeef
pl_PL d248d14b6ddb303099148514209385d56ba49673e52498d3758c47c0bd1c12c7
ru_RU 4730efd784f3fd7024dec7dfca0e4fe9e86a4d57724351f65e2e081d6f19b8b2
uk_UA 61a6a50855287d67c8ec3347607efaf596bd90a2c709b6d30c227c3c02971620
zh_CN 8564637695bafc0142dcb463f773ff67feef38e1ea4b9e5e99ef53b7b511f0a9
