de_DE d89db09ac296779dbd4d7bfe5a7db80fb64d762d7f501d1c96c587ee46f3a249
fr_FR 0f1a1dd27f6a522dd82b3a4eeff49b39bfa43ceea9356e0469a2af7e65597154
it_IT 4a489e8123ddbafa7a4a7da52e2dc15ad421269e9ea3c497c3a8471b7ea8950d
pl_PL 2f4c4852b7497348cb92ba46e6913cd5f618809385898b6f479ae9c1edc583b5
ru_RU cf810c5999f5b9c3474773723c0de604deaf92c33bd7fb9d6ea3ef19ac6f719f
uk_UA 3437533a3e3010007de8fe1e4fd0d2d7848eb33da668316625034c338f1e363f
zh_CN e05764d0779a9a66920dbc186d2b19d45633c933542550ffc1ae2d26870c66b8
